
Microsoft Visual Studio Solution File, Format Version 12.00
# Visual Studio Version 17
VisualStudioVersion = 17.9.34701.34
MinimumVisualStudioVersion = 10.0.40219.1
Project("{FAE04EC0-301F-11D3-BF4B-00C04F79EFBC}") = "DesignPatterns", "DesignPatterns.csproj", "{8C26F9AD-84D7-40B9-A3CB-766C3045EACD}"
EndProject
Global
	GlobalSection(SolutionConfigurationPlatforms) = preSolution
		Debug|Any CPU = Debug|Any CPU
		Release|Any CPU = Release|Any CPU
	EndGlobalSection
	GlobalSection(ProjectConfigurationPlatforms) = postSolution
		{8C26F9AD-84D7-40B9-A3CB-766C3045EACD}.Debug|Any CPU.ActiveCfg = Debug|Any CPU
		{8C26F9AD-84D7-40B9-A3CB-766C3045EACD}.Debug|Any CPU.Build.0 = Debug|Any CPU
		{8C26F9AD-84D7-40B9-A3CB-766C3045EACD}.Release|Any CPU.ActiveCfg = Release|Any CPU
		{8C26F9AD-84D7-40B9-A3CB-766C3045EACD}.Release|Any CPU.Build.0 = Release|Any CPU
	EndGlobalSection
	GlobalSection(SolutionProperties) = preSolution
		HideSolutionNode = FALSE
	EndGlobalSection
	GlobalSection(ExtensibilityGlobals) = postSolution
		SolutionGuid = {79E3115C-5171-413A-B535-B48C3ABD0638}
	EndGlobalSection
EndGlobal
